{"filter":false,"title":"Gemfile.lock","tooltip":"/Gemfile.lock","undoManager":{"mark":-1,"position":-1,"stack":[]},"ace":{"folds":[],"scrolltop":0,"scrollleft":0,"selection":{"start":{"row":27,"column":13},"end":{"row":27,"column":13},"isBackwards":false},"options":{"guessTabSize":true,"useWrapMode":false,"wrapToView":true},"firstLineState":0},"timestamp":false,"hash":"94ac550549f684c55e15d33547a2efaac9e1c554"}